
Microsoft Visual Studio Solution File, Format Version 12.00
# Visual Studio Version 16
VisualStudioVersion = 16.0.28711.165
MinimumVisualStudioVersion = 10.0.40219.1
Project("{9A19103F-16F7-4668-BE54-9A1E7A4F7556}") = "iasyncenumerable", "iasyncenumerable.csproj", "{CBA60CC9-15F8-4579-9638-9E5587D0C374}"
EndProject
Global
	GlobalSection(SolutionConfigurationPlatforms) = preSolution
		Debug|Any CPU = Debug|Any CPU
		Release|Any CPU = Release|Any CPU
	EndGlobalSection
	GlobalSection(ProjectConfigurationPlatforms) = postSolution
		{CBA60CC9-15F8-4579-9638-9E5587D0C374}.Debug|Any CPU.ActiveCfg = Debug|Any CPU
		{CBA60CC9-15F8-4579-9638-9E5587D0C374}.Debug|Any CPU.Build.0 = Debug|Any CPU
		{CBA60CC9-15F8-4579-9638-9E5587D0C374}.Release|Any CPU.ActiveCfg = Release|Any CPU
		{CBA60CC9-15F8-4579-9638-9E5587D0C374}.Release|Any CPU.Build.0 = Release|Any CPU
	EndGlobalSection
	GlobalSection(SolutionProperties) = preSolution
		HideSolutionNode = FALSE
	EndGlobalSection
	GlobalSection(ExtensibilityGlobals) = postSolution
		SolutionGuid = {DC27C23B-A139-4F86-B921-DA0FC49880FF}
	EndGlobalSection
EndGlobal
